// !$*UTF8*$!
{
	archiveVersion = 1;
	classes = {
	};
	objectVersion = 77;
	objects = {

/* Begin PBXContainerItemProxy section */
		A63FF0FC2ED3B689002F9FA7 /* PBXContainerItemProxy */ = {
			isa = PBXContainerItemProxy;
			containerPortal = A63FF0E32ED3B686002F9FA7 /* Project object */;
			proxyType = 1;
			remoteGlobalIDString = A63FF0EA2ED3B686002F9FA7;
			remoteInfo = Momentum;
		};
		A63FF1062ED3B689002F9FA7 /* PBXContainerItemProxy */ = {
			isa = PBXContainerItemProxy;
			containerPortal = A63FF0E32ED3B686002F9FA7 /* Project object */;
			proxyType = 1;
			remoteGlobalIDString = A63FF0EA2ED3B686002F9FA7;
			remoteInfo = Momentum;
		};
/* End PBXContainerItemProxy section */

/* Begin PBXFileReference section */
		A63FF0EB2ED3B686002F9FA7 /* Momentum.app */ = {isa = PBXFileReference; explicitFileType = wrapper.application; includeInIndex = 0; path = Momentum.app; sourceTree = BUILT_PRODUCTS_DIR; };
		A63FF0FB2ED3B689002F9FA7 /* MomentumTests.xctest */ = {isa = PBXFileReference; explicitFileType = wrapper.cfbundle; includeInIndex = 0; path = MomentumTests.xctest; sourceTree = BUILT_PRODUCTS_DIR; };
		A63FF1052ED3B689002F9FA7 /* MomentumUITests.xctest */ = {isa = PBXFileReference; explicitFileType = wrapper.cfbundle; includeInIndex = 0; path = MomentumUITests.xctest; sourceTree = BUILT_PRODUCTS_DIR; };
		A6F18FA62EF9F1A700E8572C /* Momentum.xctestplan */ = {isa = PBXFileReference; lastKnownFileType = text; path = Momentum.xctestplan; sourceTree = "<group>"; };
/* End PBXFileReference section */

/* Begin PBXFileSystemSynchronizedBuildFileExceptionSet section */
		A6EFF55D2ED657EC00A298CD /* Exceptions for "Momentum" folder in "Momentum" target */ = {
			isa = PBXFileSystemSynchronizedBuildFileExceptionSet;
			membershipExceptions = (
				Info.plist,
			);
			target = A63FF0EA2ED3B686002F9FA7 /* Momentum */;
		};
/* End PBXFileSystemSynchronizedBuildFileExceptionSet section */

/* Begin PBXFileSystemSynchronizedRootGroup section */
		A63FF0ED2ED3B686002F9FA7 /* Momentum */ = {
			isa = PBXFileSystemSynchronizedRootGroup;
			exceptions = (
				A6EFF55D2ED657EC00A298CD /* Exceptions for "Momentum" folder in "Momentum" target */,
			);
			path = Momentum;
			sourceTree = "<group>";
		};
		A63FF0FE2ED3B689002F9FA7 /* MomentumTests */ = {
			isa = PBXFileSystemSynchronizedRootGroup;
			path = MomentumTests;
			sourceTree = "<group>";
		};
		A63FF1082ED3B689002F9FA7 /* MomentumUITests */ = {
			isa = PBXFileSystemSynchronizedRootGroup;
			path = MomentumUITests;
			sourceTree = "<group>";
		};
/* End PBXFileSystemSynchronizedRootGroup section */

/* Begin PBXFrameworksBuildPhase section */
		A63FF0E82ED3B686002F9FA7 /* Frameworks */ = {
			isa = PBXFrameworksBuildPhase;
			buildActionMask = 2147483647;
			files = (
			);
			runOnlyForDeploymentPostprocessing = 0;
		};
		A63FF0F82ED3B689002F9FA7 /* Frameworks */ = {
			isa = PBXFrameworksBuildPhase;
			buildActionMask = 2147483647;
			files = (
			);
			runOnlyForDeploymentPostprocessing = 0;
		};
		A63FF1022ED3B689002F9FA7 /* Frameworks */ = {
			isa = PBXFrameworksBuildPhase;
			buildActionMask = 2147483647;
			files = (
			);
			runOnlyForDeploymentPostprocessing = 0;
		};
/* End PBXFrameworksBuildPhase section */

/* Begin PBXGroup section */
		A63FF0E22ED3B686002F9FA7 = {
			isa = PBXGroup;
			children = (
				A6F18FA62EF9F1A700E8572C /* Momentum.xctestplan */,
				A63FF0ED2ED3B686002F9FA7 /* Momentum */,
				A63FF0FE2ED3B689002F9FA7 /* MomentumTests */,
				A63FF1082ED3B689002F9FA7 /* MomentumUITests */,
				A63FF0EC2ED3B686002F9FA7 /* Products */,
			);
			sourceTree = "<group>";
		};
		A63FF0EC2ED3B686002F9FA7 /* Products */ = {
			isa = PBXGroup;
			children = (
				A63FF0EB2ED3B686002F9FA7 /* Momentum.app */,
				A63FF0FB2ED3B689002F9FA7 /* MomentumTests.xctest */,
				A63FF1052ED3B689002F9FA7 /* MomentumUITests.xctest */,
			);
			name = Products;
			sourceTree = "<group>";
		};
/* End PBXGroup section */

/* Begin PBXNativeTarget section */
		A63FF0EA2ED3B686002F9FA7 /* Momentum */ = {
			isa = PBXNativeTarget;
			buildConfigurationList = A63FF10F2ED3B689002F9FA7 /* Build configuration list for PBXNativeTarget "Momentum" */;
			buildPhases = (
				A63FF0E72ED3B686002F9FA7 /* Sources */,
				A63FF0E82ED3B686002F9FA7 /* Frameworks */,
				A63FF0E92ED3B686002F9FA7 /* Resources */,
			);
			buildRules = (
			);
			dependencies = (
			);
			fileSystemSynchronizedGroups = (
				A63FF0ED2ED3B686002F9FA7 /* Momentum */,
			);
			name = Momentum;
			packageProductDependencies = (
			);
			productName = Momentum;
			productReference = A63FF0EB2ED3B686002F9FA7 /* Momentum.app */;
			productType = "com.apple.product-type.application";
		};
		A63FF0FA2ED3B689002F9FA7 /* MomentumTests */ = {
			isa = PBXNativeTarget;
			buildConfigurationList = A63FF1122ED3B689002F9FA7 /* Build configuration list for PBXNativeTarget "MomentumTests" */;
			buildPhases = (
				A63FF0F72ED3B689002F9FA7 /* Sources */,
				A63FF0F82ED3B689002F9FA7 /* Frameworks */,
				A63FF0F92ED3B689002F9FA7 /* Resources */,
			);
			buildRules = (
			);
			dependencies = (
				A63FF0FD2ED3B689002F9FA7 /* PBXTargetDependency */,
			);
			fileSystemSynchronizedGroups = (
				A63FF0FE2ED3B689002F9FA7 /* MomentumTests */,
			);
			name = MomentumTests;
			packageProductDependencies = (
			);
			productName = MomentumTests;
			productReference = A63FF0FB2ED3B689002F9FA7 /* MomentumTests.xctest */;
			productType = "com.apple.product-type.bundle.unit-test";
		};
		A63FF1042ED3B689002F9FA7 /* MomentumUITests */ = {
			isa = PBXNativeTarget;
			buildConfigurationList = A63FF1152ED3B689002F9FA7 /* Build configuration list for PBXNativeTarget "MomentumUITests" */;
			buildPhases = (
				A63FF1012ED3B689002F9FA7 /* Sources */,
				A63FF1022ED3B689002F9FA7 /* Frameworks */,
				A63FF1032ED3B689002F9FA7 /* Resources */,
			);
			buildRules = (
			);
			dependencies = (
				A63FF1072ED3B689002F9FA7 /* PBXTargetDependency */,
			);
			fileSystemSynchronizedGroups = (
				A63FF1082ED3B689002F9FA7 /* MomentumUITests */,
			);
			name = MomentumUITests;
			packageProductDependencies = (
			);
			productName = MomentumUITests;
			productReference = A63FF1052ED3B689002F9FA7 /* MomentumUITests.xctest */;
			productType = "com.apple.product-type.bundle.ui-testing";
		};
/* End PBXNativeTarget section */

/* Begin PBXProject section */
		A63FF0E32ED3B686002F9FA7 /* Project object */ = {
			isa = PBXProject;
			attributes = {
				BuildIndependentTargetsInParallel = 1;
				LastSwiftUpdateCheck = 1640;
				LastUpgradeCheck = 1640;
				TargetAttributes = {
					A63FF0EA2ED3B686002F9FA7 = {
						CreatedOnToolsVersion = 16.4;
					};
					A63FF0FA2ED3B689002F9FA7 = {
						CreatedOnToolsVersion = 16.4;
						TestTargetID = A63FF0EA2ED3B686002F9FA7;
					};
					A63FF1042ED3B689002F9FA7 = {
						CreatedOnToolsVersion = 16.4;
						TestTargetID = A63FF0EA2ED3B686002F9FA7;
					};
				};
			};
			buildConfigurationList = A63FF0E62ED3B686002F9FA7 /* Build configuration list for PBXProject "Momentum" */;
			developmentRegion = en;
			hasScannedForEncodings = 0;
			knownRegions = (
				en,
				Base,
			);
			mainGroup = A63FF0E22ED3B686002F9FA7;
			minimizedProjectReferenceProxies = 1;
			preferredProjectObjectVersion = 77;
			productRefGroup = A63FF0EC2ED3B686002F9FA7 /* Products */;
			projectDirPath = "";
			projectRoot = "";
			targets = (
				A63FF0EA2ED3B686002F9FA7 /* Momentum */,
				A63FF0FA2ED3B689002F9FA7 /* MomentumTests */,
				A63FF1042ED3B689002F9FA7 /* MomentumUITests */,
			);
		};
/* End PBXProject section */

/* Begin PBXResourcesBuildPhase section */
		A63FF0E92ED3B686002F9FA7 /* Resources */ = {
			isa = PBXResourcesBuildPhase;
			buildActionMask = 2147483647;
			files = (
			);
			runOnlyForDeploymentPostprocessing = 0;
		};
		A63FF0F92ED3B689002F9FA7 /* Resources */ = {
			isa = PBXResourcesBuildPhase;
			buildActionMask = 2147483647;
			files = (
			);
			runOnlyForDeploymentPostprocessing = 0;
		};
		A63FF1032ED3B689002F9FA7 /* Resources */ = {
			isa = PBXResourcesBuildPhase;
			buildActionMask = 2147483647;
			files = (
			);
			runOnlyForDeploymentPostprocessing = 0;
		};
/* End PBXResourcesBuildPhase section */

/* Begin PBXSourcesBuildPhase section */
		A63FF0E72ED3B686002F9FA7 /* Sources */ = {
			isa = PBXSourcesBuildPhase;
			buildActionMask = 2147483647;
			files = (
			);
			runOnlyForDeploymentPostprocessing = 0;
		};
		A63FF0F72ED3B689002F9FA7 /* Sources */ = {
			isa = PBXSourcesBuildPhase;
			buildActionMask = 2147483647;
			files = (
			);
			runOnlyForDeploymentPostprocessing = 0;
		};
		A63FF1012ED3B689002F9FA7 /* Sources */ = {
			isa = PBXSourcesBuildPhase;
			buildActionMask = 2147483647;
			files = (
			);
			runOnlyForDeploymentPostprocessing = 0;
		};
/* End PBXSourcesBuildPhase section */

/* Begin PBXTargetDependency section */
		A63FF0FD2ED3B689002F9FA7 /* PBXTargetDependency */ = {
			isa = PBXTargetDependency;
			target = A63FF0EA2ED3B686002F9FA7 /* Momentum */;
			targetProxy = A63FF0FC2ED3B689002F9FA7 /* PBXContainerItemProxy */;
		};
		A63FF1072ED3B689002F9FA7 /* PBXTargetDependency */ = {
			isa = PBXTargetDependency;
			target = A63FF0EA2ED3B686002F9FA7 /* Momentum */;
			targetProxy = A63FF1062ED3B689002F9FA7 /* PBXContainerItemProxy */;
		};
/* End PBXTargetDependency section */

/* Begin XCBuildConfiguration section */
		A63FF10D2ED3B689002F9FA7 /* Debug */ = {
			isa = XCBuildConfiguration;
			buildSettings = {
				ALWAYS_SEARCH_USER_PATHS = NO;
				ASSETCATALOG_COMPILER_GENERATE_SWIFT_ASSET_SYMBOL_EXTENSIONS = YES;
				CLANG_ANALYZER_NONNULL = YES;
				CLANG_ANALYZER_NUMBER_OBJECT_CONVERSION = YES_AGGRESSIVE;
				CLANG_CXX_LANGUAGE_STANDARD = "gnu++20";
				CLANG_ENABLE_MODULES = YES;
				CLANG_ENABLE_OBJC_ARC = YES;
				CLANG_ENABLE_OBJC_WEAK = YES;
				CLANG_WARN_BLOCK_CAPTURE_AUTORELEASING = YES;
				CLANG_WARN_BOOL_CONVERSION = YES;
				CLANG_WARN_COMMA = YES;
				CLANG_WARN_CONSTANT_CONVERSION = YES;
				CLANG_WARN_DEPRECATED_OBJC_IMPLEMENTATIONS = YES;
				CLANG_WARN_DIRECT_OBJC_ISA_USAGE = YES_ERROR;
				CLANG_WARN_DOCUMENTATION_COMMENTS = YES;
				CLANG_WARN_EMPTY_BODY = YES;
				CLANG_WARN_ENUM_CONVERSION = YES;
				CLANG_WARN_INFINITE_RECURSION = YES;
				CLANG_WARN_INT_CONVERSION = YES;
				CLANG_WARN_NON_LITERAL_NULL_CONVERSION = YES;
				CLANG_WARN_OBJC_IMPLICIT_RETAIN_SELF = YES;
				CLANG_WARN_OBJC_LITERAL_CONVERSION = YES;
				CLANG_WARN_OBJC_ROOT_CLASS = YES_ERROR;
				CLANG_WARN_QUOTED_INCLUDE_IN_FRAMEWORK_HEADER = YES;
				CLANG_WARN_RANGE_LOOP_ANALYSIS = YES;
				CLANG_WARN_STRICT_PROTOTYPES = YES;
				CLANG_WARN_SUSPICIOUS_MOVE = YES;
				CLANG_WARN_UNGUARDED_AVAILABILITY = YES_AGGRESSIVE;
				CLANG_WARN_UNREACHABLE_CODE = YES;
				CLANG_WARN__DUPLICATE_METHOD_MATCH = YES;
				COPY_PHASE_STRIP = NO;
				DEBUG_INFORMATION_FORMAT = dwarf;
				DEVELOPMENT_TEAM = 5V7PA2543K;
				ENABLE_STRICT_OBJC_MSGSEND = YES;
				ENABLE_TESTABILITY = YES;
				ENABLE_USER_SCRIPT_SANDBOXING = YES;
				GCC_C_LANGUAGE_STANDARD = gnu17;
				GCC_DYNAMIC_NO_PIC = NO;
				GCC_NO_COMMON_BLOCKS = YES;
				GCC_OPTIMIZATION_LEVEL = 0;
				GCC_PREPROCESSOR_DEFINITIONS = (
					"DEBUG=1",
					"$(inherited)",
				);
				GCC_WARN_64_TO_32_BIT_CONVERSION = YES;
				GCC_WARN_ABOUT_RETURN_TYPE = YES_ERROR;
				GCC_WARN_UNDECLARED_SELECTOR = YES;
				GCC_WARN_UNINITIALIZED_AUTOS = YES_AGGRESSIVE;
				GCC_WARN_UNUSED_FUNCTION = YES;
				GCC_WARN_UNUSED_VARIABLE = YES;
				LOCALIZATION_PREFERS_STRING_CATALOGS = YES;
				MACOSX_DEPLOYMENT_TARGET = 15.5;
				MTL_ENABLE_DEBUG_INFO = INCLUDE_SOURCE;
				MTL_FAST_MATH = YES;
				ONLY_ACTIVE_ARCH = YES;
				SDKROOT = macosx;
				SWIFT_ACTIVE_COMPILATION_CONDITIONS = "DEBUG $(inherited)";
				SWIFT_OPTIMIZATION_LEVEL = "-Onone";
			};
			name = Debug;
		};
		A63FF10E2ED3B689002F9FA7 /* Release */ = {
			isa = XCBuildConfiguration;
			buildSettings = {
				ALWAYS_SEARCH_USER_PATHS = NO;
				ASSETCATALOG_COMPILER_GENERATE_SWIFT_ASSET_SYMBOL_EXTENSIONS = YES;
				CLANG_ANALYZER_NONNULL = YES;
				CLANG_ANALYZER_NUMBER_OBJECT_CONVERSION = YES_AGGRESSIVE;
				CLANG_CXX_LANGUAGE_STANDARD = "gnu++20";
				CLANG_ENABLE_MODULES = YES;
				CLANG_ENABLE_OBJC_ARC = YES;
				CLANG_ENABLE_OBJC_WEAK = YES;
				CLANG_WARN_BLOCK_CAPTURE_AUTORELEASING = YES;
				CLANG_WARN_BOOL_CONVERSION = YES;
				CLANG_WARN_COMMA = YES;
				CLANG_WARN_CONSTANT_CONVERSION = YES;
				CLANG_WARN_DEPRECATED_OBJC_IMPLEMENTATIONS = YES;
				CLANG_WARN_DIRECT_OBJC_ISA_USAGE = YES_ERROR;
				CLANG_WARN_DOCUMENTATION_COMMENTS = YES;
				CLANG_WARN_EMPTY_BODY = YES;
				CLANG_WARN_ENUM_CONVERSION = YES;
				CLANG_WARN_INFINITE_RECURSION = YES;
				CLANG_WARN_INT_CONVERSION = YES;
				CLANG_WARN_NON_LITERAL_NULL_CONVERSION = YES;
				CLANG_WARN_OBJC_IMPLICIT_RETAIN_SELF = YES;
				CLANG_WARN_OBJC_LITERAL_CONVERSION = YES;
				CLANG_WARN_OBJC_ROOT_CLASS = YES_ERROR;
				CLANG_WARN_QUOTED_INCLUDE_IN_FRAMEWORK_HEADER = YES;
				CLANG_WARN_RANGE_LOOP_ANALYSIS = YES;
				CLANG_WARN_STRICT_PROTOTYPES = YES;
				CLANG_WARN_SUSPICIOUS_MOVE = YES;
				CLANG_WARN_UNGUARDED_AVAILABILITY = YES_AGGRESSIVE;
				CLANG_WARN_UNREACHABLE_CODE = YES;
				CLANG_WARN__DUPLICATE_METHOD_MATCH = YES;
				COPY_PHASE_STRIP = NO;
				DEBUG_INFORMATION_FORMAT = "dwarf-with-dsym";
				DEVELOPMENT_TEAM = 5V7PA2543K;
				ENABLE_NS_ASSERTIONS = NO;
				ENABLE_STRICT_OBJC_MSGSEND = YES;
				ENABLE_USER_SCRIPT_SANDBOXING = YES;
				GCC_C_LANGUAGE_STANDARD = gnu17;
				GCC_NO_COMMON_BLOCKS = YES;
				GCC_WARN_64_TO_32_BIT_CONVERSION = YES;
				GCC_WARN_ABOUT_RETURN_TYPE = YES_ERROR;
				GCC_WARN_UNDECLARED_SELECTOR = YES;
				GCC_WARN_UNINITIALIZED_AUTOS = YES_AGGRESSIVE;
				GCC_WARN_UNUSED_FUNCTION = YES;
				GCC_WARN_UNUSED_VARIABLE = YES;
				LOCALIZATION_PREFERS_STRING_CATALOGS = YES;
				MACOSX_DEPLOYMENT_TARGET = 15.5;
				MTL_ENABLE_DEBUG_INFO = NO;
				MTL_FAST_MATH = YES;
				SDKROOT = macosx;
				SWIFT_COMPILATION_MODE = wholemodule;
			};
			name = Release;
		};
		A63FF1102ED3B689002F9FA7 /* Debug */ = {
			isa = XCBuildConfiguration;
			buildSettings = {
				ASSETCATALOG_COMPILER_APPICON_NAME = Momentum;
				ASSETCATALOG_COMPILER_GLOBAL_ACCENT_COLOR_NAME = AccentColor;
				ASSETCATALOG_COMPILER_INCLUDE_ALL_APPICON_ASSETS = YES;
				CODE_SIGN_ENTITLEMENTS = Momentum/Momentum.entitlements;
				CODE_SIGN_STYLE = Automatic;
				COMBINE_HIDPI_IMAGES = YES;
				CURRENT_PROJECT_VERSION = 1;
				DEVELOPMENT_TEAM = 5V7PA2543K;
				ENABLE_HARDENED_RUNTIME = YES;
				ENABLE_PREVIEWS = YES;
				GENERATE_INFOPLIST_FILE = NO;
				INFOPLIST_FILE = Momentum/Info.plist;
				LD_RUNPATH_SEARCH_PATHS = (
					"$(inherited)",
					"@executable_path/../Frameworks",
				);
				MACOSX_DEPLOYMENT_TARGET = 14.0;
				MARKETING_VERSION = 0.2.0; // x-release-please-version
				PRODUCT_BUNDLE_IDENTIFIER = miguelgarglez.Momentum;
				PRODUCT_NAME = "$(TARGET_NAME)";
				REGISTER_APP_GROUPS = YES;
				SWIFT_EMIT_LOC_STRINGS = YES;
				SWIFT_VERSION = 5.0;
			};
			name = Debug;
		};
		A63FF1112ED3B689002F9FA7 /* Release */ = {
			isa = XCBuildConfiguration;
			buildSettings = {
				ASSETCATALOG_COMPILER_APPICON_NAME = Momentum;
				ASSETCATALOG_COMPILER_GLOBAL_ACCENT_COLOR_NAME = AccentColor;
				ASSETCATALOG_COMPILER_INCLUDE_ALL_APPICON_ASSETS = YES;
				CODE_SIGN_ENTITLEMENTS = Momentum/Momentum.entitlements;
				CODE_SIGN_STYLE = Automatic;
				COMBINE_HIDPI_IMAGES = YES;
				CURRENT_PROJECT_VERSION = 1;
				DEVELOPMENT_TEAM = 5V7PA2543K;
				ENABLE_HARDENED_RUNTIME = YES;
				ENABLE_PREVIEWS = YES;
				GENERATE_INFOPLIST_FILE = NO;
				INFOPLIST_FILE = Momentum/Info.plist;
				LD_RUNPATH_SEARCH_PATHS = (
					"$(inherited)",
					"@executable_path/../Frameworks",
				);
				MACOSX_DEPLOYMENT_TARGET = 14.0;
				MARKETING_VERSION = 0.2.0; // x-release-please-version
				PRODUCT_BUNDLE_IDENTIFIER = miguelgarglez.Momentum;
				PRODUCT_NAME = "$(TARGET_NAME)";
				REGISTER_APP_GROUPS = YES;
				SWIFT_EMIT_LOC_STRINGS = YES;
				SWIFT_VERSION = 5.0;
			};
			name = Release;
		};
		A63FF1132ED3B689002F9FA7 /* Debug */ = {
			isa = XCBuildConfiguration;
			buildSettings = {
				BUNDLE_LOADER = "$(TEST_HOST)";
				CODE_SIGN_STYLE = Automatic;
				CURRENT_PROJECT_VERSION = 1;
				DEVELOPMENT_TEAM = 5V7PA2543K;
				GENERATE_INFOPLIST_FILE = YES;
				MACOSX_DEPLOYMENT_TARGET = 14.0;
				MARKETING_VERSION = 0.2.0; // x-release-please-version
				PRODUCT_BUNDLE_IDENTIFIER = miguelgarglez.MomentumTests;
				PRODUCT_NAME = "$(TARGET_NAME)";
				SWIFT_EMIT_LOC_STRINGS = NO;
				SWIFT_VERSION = 5.0;
				TEST_HOST = "$(BUILT_PRODUCTS_DIR)/Momentum.app/$(BUNDLE_EXECUTABLE_FOLDER_PATH)/Momentum";
			};
			name = Debug;
		};
		A63FF1142ED3B689002F9FA7 /* Release */ = {
			isa = XCBuildConfiguration;
			buildSettings = {
				BUNDLE_LOADER = "$(TEST_HOST)";
				CODE_SIGN_STYLE = Automatic;
				CURRENT_PROJECT_VERSION = 1;
				DEVELOPMENT_TEAM = 5V7PA2543K;
				GENERATE_INFOPLIST_FILE = YES;
				MACOSX_DEPLOYMENT_TARGET = 14.0;
				MARKETING_VERSION = 0.2.0; // x-release-please-version
				PRODUCT_BUNDLE_IDENTIFIER = miguelgarglez.MomentumTests;
				PRODUCT_NAME = "$(TARGET_NAME)";
				SWIFT_EMIT_LOC_STRINGS = NO;
				SWIFT_VERSION = 5.0;
				TEST_HOST = "$(BUILT_PRODUCTS_DIR)/Momentum.app/$(BUNDLE_EXECUTABLE_FOLDER_PATH)/Momentum";
			};
			name = Release;
		};
		A63FF1162ED3B689002F9FA7 /* Debug */ = {
			isa = XCBuildConfiguration;
			buildSettings = {
				CODE_SIGN_STYLE = Automatic;
				CURRENT_PROJECT_VERSION = 1;
				DEVELOPMENT_TEAM = 5V7PA2543K;
				GENERATE_INFOPLIST_FILE = YES;
				MACOSX_DEPLOYMENT_TARGET = 15.0;
				MARKETING_VERSION = 0.2.0; // x-release-please-version
				PRODUCT_BUNDLE_IDENTIFIER = miguelgarglez.MomentumUITests;
				PRODUCT_NAME = "$(TARGET_NAME)";
				SWIFT_EMIT_LOC_STRINGS = NO;
				SWIFT_VERSION = 5.0;
				TEST_TARGET_NAME = Momentum;
			};
			name = Debug;
		};
		A63FF1172ED3B689002F9FA7 /* Release */ = {
			isa = XCBuildConfiguration;
			buildSettings = {
				CODE_SIGN_STYLE = Automatic;
				CURRENT_PROJECT_VERSION = 1;
				DEVELOPMENT_TEAM = 5V7PA2543K;
				GENERATE_INFOPLIST_FILE = YES;
				MACOSX_DEPLOYMENT_TARGET = 15.0;
				MARKETING_VERSION = 0.2.0; // x-release-please-version
				PRODUCT_BUNDLE_IDENTIFIER = miguelgarglez.MomentumUITests;
				PRODUCT_NAME = "$(TARGET_NAME)";
				SWIFT_EMIT_LOC_STRINGS = NO;
				SWIFT_VERSION = 5.0;
				TEST_TARGET_NAME = Momentum;
			};
			name = Release;
		};
/* End XCBuildConfiguration section */

/* Begin XCConfigurationList section */
		A63FF0E62ED3B686002F9FA7 /* Build configuration list for PBXProject "Momentum" */ = {
			isa = XCConfigurationList;
			buildConfigurations = (
				A63FF10D2ED3B689002F9FA7 /* Debug */,
				A63FF10E2ED3B689002F9FA7 /* Release */,
			);
			defaultConfigurationIsVisible = 0;
			defaultConfigurationName = Release;
		};
		A63FF10F2ED3B689002F9FA7 /* Build configuration list for PBXNativeTarget "Momentum" */ = {
			isa = XCConfigurationList;
			buildConfigurations = (
				A63FF1102ED3B689002F9FA7 /* Debug */,
				A63FF1112ED3B689002F9FA7 /* Release */,
			);
			defaultConfigurationIsVisible = 0;
			defaultConfigurationName = Release;
		};
		A63FF1122ED3B689002F9FA7 /* Build configuration list for PBXNativeTarget "MomentumTests" */ = {
			isa = XCConfigurationList;
			buildConfigurations = (
				A63FF1132ED3B689002F9FA7 /* Debug */,
				A63FF1142ED3B689002F9FA7 /* Release */,
			);
			defaultConfigurationIsVisible = 0;
			defaultConfigurationName = Release;
		};
		A63FF1152ED3B689002F9FA7 /* Build configuration list for PBXNativeTarget "MomentumUITests" */ = {
			isa = XCConfigurationList;
			buildConfigurations = (
				A63FF1162ED3B689002F9FA7 /* Debug */,
				A63FF1172ED3B689002F9FA7 /* Release */,
			);
			defaultConfigurationIsVisible = 0;
			defaultConfigurationName = Release;
		};
/* End XCConfigurationList section */
	};
	rootObject = A63FF0E32ED3B686002F9FA7 /* Project object */;
}
